# This file is autogenerated, do not edit; changes may be undone by the next 'dep ensure'.


[[projects]]
  name = "github.com/google/uuid"
  packages = ["."]
  revision = "0cd6bf5da1e1c83f8b45653022c74f71af0538a4"
  version = "v1.1.1"

[solve-meta]
  analyzer-name = "dep"
  analyzer-version = 1
  inputs-digest = "13509d3dd2ff36bde21a4287c1f91ae85343935f9cd8698787e4760be46419fd"
  solver-name = "gps-cdcl"
  solver-version = 1
